// !$*UTF8*$!
{
	archiveVersion = 1;
	classes = {
	};
	objectVersion = 50;
	objects = {

/* Begin PBXBuildFile section */
		4E47084224213FB800E2A581 /* AppDelegate.swift in Sources */ = {isa = PBXBuildFile; fileRef = 4E47084124213FB800E2A581 /* AppDelegate.swift */; };
		4E47084424213FB800E2A581 /* SceneDelegate.swift in Sources */ = {isa = PBXBuildFile; fileRef = 4E47084324213FB800E2A581 /* SceneDelegate.swift */; };
		4E47084624213FB900E2A581 /* ContentView.swift in Sources */ = {isa = PBXBuildFile; fileRef = 4E47084524213FB900E2A581 /* ContentView.swift */; };
		4E47084824213FBA00E2A581 /* Assets.xcassets in Resources */ = {isa = PBXBuildFile; fileRef = 4E47084724213FBA00E2A581 /* Assets.xcassets */; };
		4E47084B24213FBA00E2A581 /* Preview Assets.xcassets in Resources */ = {isa = PBXBuildFile; fileRef = 4E47084A24213FBA00E2A581 /* Preview Assets.xcassets */; };
		4E47084E24213FBA00E2A581 /* LaunchScreen.storyboard in Resources */ = {isa = PBXBuildFile; fileRef = 4E47084C24213FBA00E2A581 /* LaunchScreen.storyboard */; };
		4E47085924213FBB00E2A581 /* ClimaTests.swift in Sources */ = {isa = PBXBuildFile; fileRef = 4E47085824213FBB00E2A581 /* ClimaTests.swift */; };
		4E47086424213FBB00E2A581 /* ClimaUITests.swift in Sources */ = {isa = PBXBuildFile; fileRef = 4E47086324213FBB00E2A581 /* ClimaUITests.swift */; };
/* End PBXBuildFile section */

/* Begin PBXContainerItemProxy section */
		4E47085524213FBB00E2A581 /* PBXContainerItemProxy */ = {
			isa = PBXContainerItemProxy;
			containerPortal = 4E47083624213FB800E2A581 /* Project object */;
			proxyType = 1;
			remoteGlobalIDString = 4E47083D24213FB800E2A581;
			remoteInfo = Clima;
		};
		4E47086024213FBB00E2A581 /* PBXContainerItemProxy */ = {
			isa = PBXContainerItemProxy;
			containerPortal = 4E47083624213FB800E2A581 /* Project object */;
			proxyType = 1;
			remoteGlobalIDString = 4E47083D24213FB800E2A581;
			remoteInfo = Clima;
		};
/* End PBXContainerItemProxy section */

/* Begin PBXFileReference section */
		4E47083E24213FB800E2A581 /* Clima.app */ = {isa = PBXFileReference; explicitFileType = wrapper.application; includeInIndex = 0; path = Clima.app; sourceTree = BUILT_PRODUCTS_DIR; };
		4E47084124213FB800E2A581 /* AppDelegate.swift */ = {isa = PBXFileReference; lastKnownFileType = sourcecode.swift; path = AppDelegate.swift; sourceTree = "<group>"; };
		4E47084324213FB800E2A581 /* SceneDelegate.swift */ = {isa = PBXFileReference; lastKnownFileType = sourcecode.swift; path = SceneDelegate.swift; sourceTree = "<group>"; };
		4E47084524213FB900E2A581 /* ContentView.swift */ = {isa = PBXFileReference; lastKnownFileType = sourcecode.swift; path = ContentView.swift; sourceTree = "<group>"; };
		4E47084724213FBA00E2A581 /* Assets.xcassets */ = {isa = PBXFileReference; lastKnownFileType = folder.assetcatalog; path = Assets.xcassets; sourceTree = "<group>"; };
		4E47084A24213FBA00E2A581 /* Preview Assets.xcassets */ = {isa = PBXFileReference; lastKnownFileType = folder.assetcatalog; path = "Preview Assets.xcassets"; sourceTree = "<group>"; };
		4E47084D24213FBA00E2A581 /* Base */ = {isa = PBXFileReference; lastKnownFileType = file.storyboard; name = Base; path = Base.lproj/LaunchScreen.storyboard; sourceTree = "<group>"; };
		4E47084F24213FBA00E2A581 /* Info.plist */ = {isa = PBXFileReference; lastKnownFileType = text.plist.xml; path = Info.plist; sourceTree = "<group>"; };
		4E47085424213FBB00E2A581 /* ClimaTests.xctest */ = {isa = PBXFileReference; explicitFileType = wrapper.cfbundle; includeInIndex = 0; path = ClimaTests.xctest; sourceTree = BUILT_PRODUCTS_DIR; };
		4E47085824213FBB00E2A581 /* ClimaTests.swift */ = {isa = PBXFileReference; lastKnownFileType = sourcecode.swift; path = ClimaTests.swift; sourceTree = "<group>"; };
		4E47085A24213FBB00E2A581 /* Info.plist */ = {isa = PBXFileReference; lastKnownFileType = text.plist.xml; path = Info.plist; sourceTree = "<group>"; };
		4E47085F24213FBB00E2A581 /* ClimaUITests.xctest */ = {isa = PBXFileReference; explicitFileType = wrapper.cfbundle; includeInIndex = 0; path = ClimaUITests.xctest; sourceTree = BUILT_PRODUCTS_DIR; };
		4E47086324213FBB00E2A581 /* ClimaUITests.swift */ = {isa = PBXFileReference; lastKnownFileType = sourcecode.swift; path = ClimaUITests.swift; sourceTree = "<group>"; };
		4E47086524213FBB00E2A581 /* Info.plist */ = {isa = PBXFileReference; lastKnownFileType = text.plist.xml; path = Info.plist; sourceTree = "<group>"; };
/* End PBXFileReference section */

/* Begin PBXFrameworksBuildPhase section */
		4E47083B24213FB800E2A581 /* Frameworks */ = {
			isa = PBXFrameworksBuildPhase;
			buildActionMask = 2147483647;
			files = (
			);
			runOnlyForDeploymentPostprocessing = 0;
		};
		4E47085124213FBB00E2A581 /* Frameworks */ = {
			isa = PBXFrameworksBuildPhase;
			buildActionMask = 2147483647;
			files = (
			);
			runOnlyForDeploymentPostprocessing = 0;
		};
		4E47085C24213FBB00E2A581 /* Frameworks */ = {
			isa = PBXFrameworksBuildPhase;
			buildActionMask = 2147483647;
			files = (
			);
			runOnlyForDeploymentPostprocessing = 0;
		};
/* End PBXFrameworksBuildPhase section */

/* Begin PBXGroup section */
		4E47083524213FB800E2A581 = {
			isa = PBXGroup;
			children = (
				4E47084024213FB800E2A581 /* Clima */,
				4E47085724213FBB00E2A581 /* ClimaTests */,
				4E47086224213FBB00E2A581 /* ClimaUITests */,
				4E47083F24213FB800E2A581 /* Products */,
			);
			sourceTree = "<group>";
		};
		4E47083F24213FB800E2A581 /* Products */ = {
			isa = PBXGroup;
			children = (
				4E47083E24213FB800E2A581 /* Clima.app */,
				4E47085424213FBB00E2A581 /* ClimaTests.xctest */,
				4E47085F24213FBB00E2A581 /* ClimaUITests.xctest */,
			);
			name = Products;
			sourceTree = "<group>";
		};
		4E47084024213FB800E2A581 /* Clima */ = {
			isa = PBXGroup;
			children = (
				4E47084124213FB800E2A581 /* AppDelegate.swift */,
				4E47084324213FB800E2A581 /* SceneDelegate.swift */,
				4E47084524213FB900E2A581 /* ContentView.swift */,
				4E47084724213FBA00E2A581 /* Assets.xcassets */,
				4E47084C24213FBA00E2A581 /* LaunchScreen.storyboard */,
				4E47084F24213FBA00E2A581 /* Info.plist */,
				4E47084924213FBA00E2A581 /* Preview Content */,
			);
			path = Clima;
			sourceTree = "<group>";
		};
		4E47084924213FBA00E2A581 /* Preview Content */ = {
			isa = PBXGroup;
			children = (
				4E47084A24213FBA00E2A581 /* Preview Assets.xcassets */,
			);
			path = "Preview Content";
			sourceTree = "<group>";
		};
		4E47085724213FBB00E2A581 /* ClimaTests */ = {
			isa = PBXGroup;
			children = (
				4E47085824213FBB00E2A581 /* ClimaTests.swift */,
				4E47085A24213FBB00E2A581 /* Info.plist */,
			);
			path = ClimaTests;
			sourceTree = "<group>";
		};
		4E47086224213FBB00E2A581 /* ClimaUITests */ = {
			isa = PBXGroup;
			children = (
				4E47086324213FBB00E2A581 /* ClimaUITests.swift */,
				4E47086524213FBB00E2A581 /* Info.plist */,
			);
			path = ClimaUITests;
			sourceTree = "<group>";
		};
/* End PBXGroup section */

/* Begin PBXNativeTarget section */
		4E47083D24213FB800E2A581 /* Clima */ = {
			isa = PBXNativeTarget;
			buildConfigurationList = 4E47086824213FBB00E2A581 /* Build configuration list for PBXNativeTarget "Clima" */;
			buildPhases = (
				4E47083A24213FB800E2A581 /* Sources */,
				4E47083B24213FB800E2A581 /* Frameworks */,
				4E47083C24213FB800E2A581 /* Resources */,
			);
			buildRules = (
			);
			dependencies = (
			);
			name = Clima;
			productName = Clima;
			productReference = 4E47083E24213FB800E2A581 /* Clima.app */;
			productType = "com.apple.product-type.application";
		};
		4E47085324213FBB00E2A581 /* ClimaTests */ = {
			isa = PBXNativeTarget;
			buildConfigurationList = 4E47086B24213FBB00E2A581 /* Build configuration list for PBXNativeTarget "ClimaTests" */;
			buildPhases = (
				4E47085024213FBB00E2A581 /* Sources */,
				4E47085124213FBB00E2A581 /* Frameworks */,
				4E47085224213FBB00E2A581 /* Resources */,
			);
			buildRules = (
			);
			dependencies = (
				4E47085624213FBB00E2A581 /* PBXTargetDependency */,
			);
			name = ClimaTests;
			productName = ClimaTests;
			productReference = 4E47085424213FBB00E2A581 /* ClimaTests.xctest */;
			productType = "com.apple.product-type.bundle.unit-test";
		};
		4E47085E24213FBB00E2A581 /* ClimaUITests */ = {
			isa = PBXNativeTarget;
			buildConfigurationList = 4E47086E24213FBB00E2A581 /* Build configuration list for PBXNativeTarget "ClimaUITests" */;
			buildPhases = (
				4E47085B24213FBB00E2A581 /* Sources */,
				4E47085C24213FBB00E2A581 /* Frameworks */,
				4E47085D24213FBB00E2A581 /* Resources */,
			);
			buildRules = (
			);
			dependencies = (
				4E47086124213FBB00E2A581 /* PBXTargetDependency */,
			);
			name = ClimaUITests;
			productName = ClimaUITests;
			productReference = 4E47085F24213FBB00E2A581 /* ClimaUITests.xctest */;
			productType = "com.apple.product-type.bundle.ui-testing";
		};
/* End PBXNativeTarget section */

/* Begin PBXProject section */
		4E47083624213FB800E2A581 /* Project object */ = {
			isa = PBXProject;
			attributes = {
				LastSwiftUpdateCheck = 1130;
				LastUpgradeCheck = 1130;
				ORGANIZATIONNAME = user917318;
				TargetAttributes = {
					4E47083D24213FB800E2A581 = {
						CreatedOnToolsVersion = 11.3.1;
					};
					4E47085324213FBB00E2A581 = {
						CreatedOnToolsVersion = 11.3.1;
						TestTargetID = 4E47083D24213FB800E2A581;
					};
					4E47085E24213FBB00E2A581 = {
						CreatedOnToolsVersion = 11.3.1;
						TestTargetID = 4E47083D24213FB800E2A581;
					};
				};
			};
			buildConfigurationList = 4E47083924213FB800E2A581 /* Build configuration list for PBXProject "Clima" */;
			compatibilityVersion = "Xcode 9.3";
			developmentRegion = en;
			hasScannedForEncodings = 0;
			knownRegions = (
				en,
				Base,
			);
			mainGroup = 4E47083524213FB800E2A581;
			productRefGroup = 4E47083F24213FB800E2A581 /* Products */;
			projectDirPath = "";
			projectRoot = "";
			targets = (
				4E47083D24213FB800E2A581 /* Clima */,
				4E47085324213FBB00E2A581 /* ClimaTests */,
				4E47085E24213FBB00E2A581 /* ClimaUITests */,
			);
		};
/* End PBXProject section */

/* Begin PBXResourcesBuildPhase section */
		4E47083C24213FB800E2A581 /* Resources */ = {
			isa = PBXResourcesBuildPhase;
			buildActionMask = 2147483647;
			files = (
				4E47084E24213FBA00E2A581 /* LaunchScreen.storyboard in Resources */,
				4E47084B24213FBA00E2A581 /* Preview Assets.xcassets in Resources */,
				4E47084824213FBA00E2A581 /* Assets.xcassets in Resources */,
			);
			runOnlyForDeploymentPostprocessing = 0;
		};
		4E47085224213FBB00E2A581 /* Resources */ = {
			isa = PBXResourcesBuildPhase;
			buildActionMask = 2147483647;
			files = (
			);
			runOnlyForDeploymentPostprocessing = 0;
		};
		4E47085D24213FBB00E2A581 /* Resources */ = {
			isa = PBXResourcesBuildPhase;
			buildActionMask = 2147483647;
			files = (
			);
			runOnlyForDeploymentPostprocessing = 0;
		};
/* End PBXResourcesBuildPhase section */

/* Begin PBXSourcesBuildPhase section */
		4E47083A24213FB800E2A581 /* Sources */ = {
			isa = PBXSourcesBuildPhase;
			buildActionMask = 2147483647;
			files = (
				4E47084224213FB800E2A581 /* AppDelegate.swift in Sources */,
				4E47084424213FB800E2A581 /* SceneDelegate.swift in Sources */,
				4E47084624213FB900E2A581 /* ContentView.swift in Sources */,
			);
			runOnlyForDeploymentPostprocessing = 0;
		};
		4E47085024213FBB00E2A581 /* Sources */ = {
			isa = PBXSourcesBuildPhase;
			buildActionMask = 2147483647;
			files = (
				4E47085924213FBB00E2A581 /* ClimaTests.swift in Sources */,
			);
			runOnlyForDeploymentPostprocessing = 0;
		};
		4E47085B24213FBB00E2A581 /* Sources */ = {
			isa = PBXSourcesBuildPhase;
			buildActionMask = 2147483647;
			files = (
				4E47086424213FBB00E2A581 /* ClimaUITests.swift in Sources */,
			);
			runOnlyForDeploymentPostprocessing = 0;
		};
/* End PBXSourcesBuildPhase section */

/* Begin PBXTargetDependency section */
		4E47085624213FBB00E2A581 /* PBXTargetDependency */ = {
			isa = PBXTargetDependency;
			target = 4E47083D24213FB800E2A581 /* Clima */;
			targetProxy = 4E47085524213FBB00E2A581 /* PBXContainerItemProxy */;
		};
		4E47086124213FBB00E2A581 /* PBXTargetDependency */ = {
			isa = PBXTargetDependency;
			target = 4E47083D24213FB800E2A581 /* Clima */;
			targetProxy = 4E47086024213FBB00E2A581 /* PBXContainerItemProxy */;
		};
/* End PBXTargetDependency section */

/* Begin PBXVariantGroup section */
		4E47084C24213FBA00E2A581 /* LaunchScreen.storyboard */ = {
			isa = PBXVariantGroup;
			children = (
				4E47084D24213FBA00E2A581 /* Base */,
			);
			name = LaunchScreen.storyboard;
			sourceTree = "<group>";
		};
/* End PBXVariantGroup section */

/* Begin XCBuildConfiguration section */
		4E47086624213FBB00E2A581 /* Debug */ = {
			isa = XCBuildConfiguration;
			buildSettings = {
				ALWAYS_SEARCH_USER_PATHS = NO;
				CLANG_ANALYZER_NONNULL = YES;
				CLANG_ANALYZER_NUMBER_OBJECT_CONVERSION = YES_AGGRESSIVE;
				CLANG_CXX_LANGUAGE_STANDARD = "gnu++14";
				CLANG_CXX_LIBRARY = "libc++";
				CLANG_ENABLE_MODULES = YES;
				CLANG_ENABLE_OBJC_ARC = YES;
				CLANG_ENABLE_OBJC_WEAK = YES;
				CLANG_WARN_BLOCK_CAPTURE_AUTORELEASING = YES;
				CLANG_WARN_BOOL_CONVERSION = YES;
				CLANG_WARN_COMMA = YES;
				CLANG_WARN_CONSTANT_CONVERSION = YES;
				CLANG_WARN_DEPRECATED_OBJC_IMPLEMENTATIONS = YES;
				CLANG_WARN_DIRECT_OBJC_ISA_USAGE = YES_ERROR;
				CLANG_WARN_DOCUMENTATION_COMMENTS = YES;
				CLANG_WARN_EMPTY_BODY = YES;
				CLANG_WARN_ENUM_CONVERSION = YES;
				CLANG_WARN_INFINITE_RECURSION = YES;
				CLANG_WARN_INT_CONVERSION = YES;
				CLANG_WARN_NON_LITERAL_NULL_CONVERSION = YES;
				CLANG_WARN_OBJC_IMPLICIT_RETAIN_SELF = YES;
				CLANG_WARN_OBJC_LITERAL_CONVERSION = YES;
				CLANG_WARN_OBJC_ROOT_CLASS = YES_ERROR;
				CLANG_WARN_RANGE_LOOP_ANALYSIS = YES;
				CLANG_WARN_STRICT_PROTOTYPES = YES;
				CLANG_WARN_SUSPICIOUS_MOVE = YES;
				CLANG_WARN_UNGUARDED_AVAILABILITY = YES_AGGRESSIVE;
				CLANG_WARN_UNREACHABLE_CODE = YES;
				CLANG_WARN__DUPLICATE_METHOD_MATCH = YES;
				COPY_PHASE_STRIP = NO;
				DEBUG_INFORMATION_FORMAT = dwarf;
				ENABLE_STRICT_OBJC_MSGSEND = YES;
				ENABLE_TESTABILITY = YES;
				GCC_C_LANGUAGE_STANDARD = gnu11;
				GCC_DYNAMIC_NO_PIC = NO;
				GCC_NO_COMMON_BLOCKS = YES;
				GCC_OPTIMIZATION_LEVEL = 0;
				GCC_PREPROCESSOR_DEFINITIONS = (
					"DEBUG=1",
					"$(inherited)",
				);
				GCC_WARN_64_TO_32_BIT_CONVERSION = YES;
				GCC_WARN_ABOUT_RETURN_TYPE = YES_ERROR;
				GCC_WARN_UNDECLARED_SELECTOR = YES;
				GCC_WARN_UNINITIALIZED_AUTOS = YES_AGGRESSIVE;
				GCC_WARN_UNUSED_FUNCTION = YES;
				GCC_WARN_UNUSED_VARIABLE = YES;
				IPHONEOS_DEPLOYMENT_TARGET = 13.2;
				MTL_ENABLE_DEBUG_INFO = INCLUDE_SOURCE;
				MTL_FAST_MATH = YES;
				ONLY_ACTIVE_ARCH = YES;
				SDKROOT = iphoneos;
				SWIFT_ACTIVE_COMPILATION_CONDITIONS = DEBUG;
				SWIFT_OPTIMIZATION_LEVEL = "-Onone";
			};
			name = Debug;
		};
		4E47086724213FBB00E2A581 /* Release */ = {
			isa = XCBuildConfiguration;
			buildSettings = {
				ALWAYS_SEARCH_USER_PATHS = NO;
				CLANG_ANALYZER_NONNULL = YES;
				CLANG_ANALYZER_NUMBER_OBJECT_CONVERSION = YES_AGGRESSIVE;
				CLANG_CXX_LANGUAGE_STANDARD = "gnu++14";
				CLANG_CXX_LIBRARY = "libc++";
				CLANG_ENABLE_MODULES = YES;
				CLANG_ENABLE_OBJC_ARC = YES;
				CLANG_ENABLE_OBJC_WEAK = YES;
				CLANG_WARN_BLOCK_CAPTURE_AUTORELEASING = YES;
				CLANG_WARN_BOOL_CONVERSION = YES;
				CLANG_WARN_COMMA = YES;
				CLANG_WARN_CONSTANT_CONVERSION = YES;
				CLANG_WARN_DEPRECATED_OBJC_IMPLEMENTATIONS = YES;
				CLANG_WARN_DIRECT_OBJC_ISA_USAGE = YES_ERROR;
				CLANG_WARN_DOCUMENTATION_COMMENTS = YES;
				CLANG_WARN_EMPTY_BODY = YES;
				CLANG_WARN_ENUM_CONVERSION = YES;
				CLANG_WARN_INFINITE_RECURSION = YES;
				CLANG_WARN_INT_CONVERSION = YES;
				CLANG_WARN_NON_LITERAL_NULL_CONVERSION = YES;
				CLANG_WARN_OBJC_IMPLICIT_RETAIN_SELF = YES;
				CLANG_WARN_OBJC_LITERAL_CONVERSION = YES;
				CLANG_WARN_OBJC_ROOT_CLASS = YES_ERROR;
				CLANG_WARN_RANGE_LOOP_ANALYSIS = YES;
				CLANG_WARN_STRICT_PROTOTYPES = YES;
				CLANG_WARN_SUSPICIOUS_MOVE = YES;
				CLANG_WARN_UNGUARDED_AVAILABILITY = YES_AGGRESSIVE;
				CLANG_WARN_UNREACHABLE_CODE = YES;
				CLANG_WARN__DUPLICATE_METHOD_MATCH = YES;
				COPY_PHASE_STRIP = NO;
				DEBUG_INFORMATION_FORMAT = "dwarf-with-dsym";
				ENABLE_NS_ASSERTIONS = NO;
				ENABLE_STRICT_OBJC_MSGSEND = YES;
				GCC_C_LANGUAGE_STANDARD = gnu11;
				GCC_NO_COMMON_BLOCKS = YES;
				GCC_WARN_64_TO_32_BIT_CONVERSION = YES;
				GCC_WARN_ABOUT_RETURN_TYPE = YES_ERROR;
				GCC_WARN_UNDECLARED_SELECTOR = YES;
				GCC_WARN_UNINITIALIZED_AUTOS = YES_AGGRESSIVE;
				GCC_WARN_UNUSED_FUNCTION = YES;
				GCC_WARN_UNUSED_VARIABLE = YES;
				IPHONEOS_DEPLOYMENT_TARGET = 13.2;
				MTL_ENABLE_DEBUG_INFO = NO;
				MTL_FAST_MATH = YES;
				SDKROOT = iphoneos;
				SWIFT_COMPILATION_MODE = wholemodule;
				SWIFT_OPTIMIZATION_LEVEL = "-O";
				VALIDATE_PRODUCT = YES;
			};
			name = Release;
		};
		4E47086924213FBB00E2A581 /* Debug */ = {
			isa = XCBuildConfiguration;
			buildSettings = {
				ASSETCATALOG_COMPILER_APPICON_NAME = AppIcon;
				CODE_SIGN_STYLE = Automatic;
				DEVELOPMENT_ASSET_PATHS = "\"Clima/Preview Content\"";
				ENABLE_PREVIEWS = YES;
				INFOPLIST_FILE = Clima/Info.plist;
				LD_RUNPATH_SEARCH_PATHS = (
					"$(inherited)",
					"@executable_path/Frameworks",
				);
				PRODUCT_BUNDLE_IDENTIFIER = mart.Clima;
				PRODUCT_NAME = "$(TARGET_NAME)";
				SWIFT_VERSION = 5.0;
				TARGETED_DEVICE_FAMILY = "1,2";
			};
			name = Debug;
		};
		4E47086A24213FBB00E2A581 /* Release */ = {
			isa = XCBuildConfiguration;
			buildSettings = {
				ASSETCATALOG_COMPILER_APPICON_NAME = AppIcon;
				CODE_SIGN_STYLE = Automatic;
				DEVELOPMENT_ASSET_PATHS = "\"Clima/Preview Content\"";
				ENABLE_PREVIEWS = YES;
				INFOPLIST_FILE = Clima/Info.plist;
				LD_RUNPATH_SEARCH_PATHS = (
					"$(inherited)",
					"@executable_path/Frameworks",
				);
				PRODUCT_BUNDLE_IDENTIFIER = mart.Clima;
				PRODUCT_NAME = "$(TARGET_NAME)";
				SWIFT_VERSION = 5.0;
				TARGETED_DEVICE_FAMILY = "1,2";
			};
			name = Release;
		};
		4E47086C24213FBB00E2A581 /* Debug */ = {
			isa = XCBuildConfiguration;
			buildSettings = {
				ALWAYS_EMBED_SWIFT_STANDARD_LIBRARIES = YES;
				BUNDLE_LOADER = "$(TEST_HOST)";
				CODE_SIGN_STYLE = Automatic;
				INFOPLIST_FILE = ClimaTests/Info.plist;
				IPHONEOS_DEPLOYMENT_TARGET = 13.2;
				LD_RUNPATH_SEARCH_PATHS = (
					"$(inherited)",
					"@executable_path/Frameworks",
					"@loader_path/Frameworks",
				);
				PRODUCT_BUNDLE_IDENTIFIER = mart.ClimaTests;
				PRODUCT_NAME = "$(TARGET_NAME)";
				SWIFT_VERSION = 5.0;
				TARGETED_DEVICE_FAMILY = "1,2";
				TEST_HOST = "$(BUILT_PRODUCTS_DIR)/Clima.app/Clima";
			};
			name = Debug;
		};
		4E47086D24213FBB00E2A581 /* Release */ = {
			isa = XCBuildConfiguration;
			buildSettings = {
				ALWAYS_EMBED_SWIFT_STANDARD_LIBRARIES = YES;
				BUNDLE_LOADER = "$(TEST_HOST)";
				CODE_SIGN_STYLE = Automatic;
				INFOPLIST_FILE = ClimaTests/Info.plist;
				IPHONEOS_DEPLOYMENT_TARGET = 13.2;
				LD_RUNPATH_SEARCH_PATHS = (
					"$(inherited)",
					"@executable_path/Frameworks",
					"@loader_path/Frameworks",
				);
				PRODUCT_BUNDLE_IDENTIFIER = mart.ClimaTests;
				PRODUCT_NAME = "$(TARGET_NAME)";
				SWIFT_VERSION = 5.0;
				TARGETED_DEVICE_FAMILY = "1,2";
				TEST_HOST = "$(BUILT_PRODUCTS_DIR)/Clima.app/Clima";
			};
			name = Release;
		};
		4E47086F24213FBB00E2A581 /* Debug */ = {
			isa = XCBuildConfiguration;
			buildSettings = {
				ALWAYS_EMBED_SWIFT_STANDARD_LIBRARIES = YES;
				CODE_SIGN_STYLE = Automatic;
				INFOPLIST_FILE = ClimaUITests/Info.plist;
				LD_RUNPATH_SEARCH_PATHS = (
					"$(inherited)",
					"@executable_path/Frameworks",
					"@loader_path/Frameworks",
				);
				PRODUCT_BUNDLE_IDENTIFIER = mart.ClimaUITests;
				PRODUCT_NAME = "$(TARGET_NAME)";
				SWIFT_VERSION = 5.0;
				TARGETED_DEVICE_FAMILY = "1,2";
				TEST_TARGET_NAME = Clima;
			};
			name = Debug;
		};
		4E47087024213FBB00E2A581 /* Release */ = {
			isa = XCBuildConfiguration;
			buildSettings = {
				ALWAYS_EMBED_SWIFT_STANDARD_LIBRARIES = YES;
				CODE_SIGN_STYLE = Automatic;
				INFOPLIST_FILE = ClimaUITests/Info.plist;
				LD_RUNPATH_SEARCH_PATHS = (
					"$(inherited)",
					"@executable_path/Frameworks",
					"@loader_path/Frameworks",
				);
				PRODUCT_BUNDLE_IDENTIFIER = mart.ClimaUITests;
				PRODUCT_NAME = "$(TARGET_NAME)";
				SWIFT_VERSION = 5.0;
				TARGETED_DEVICE_FAMILY = "1,2";
				TEST_TARGET_NAME = Clima;
			};
			name = Release;
		};
/* End XCBuildConfiguration section */

/* Begin XCConfigurationList section */
		4E47083924213FB800E2A581 /* Build configuration list for PBXProject "Clima" */ = {
			isa = XCConfigurationList;
			buildConfigurations = (
				4E47086624213FBB00E2A581 /* Debug */,
				4E47086724213FBB00E2A581 /* Release */,
			);
			defaultConfigurationIsVisible = 0;
			defaultConfigurationName = Release;
		};
		4E47086824213FBB00E2A581 /* Build configuration list for PBXNativeTarget "Clima" */ = {
			isa = XCConfigurationList;
			buildConfigurations = (
				4E47086924213FBB00E2A581 /* Debug */,
				4E47086A24213FBB00E2A581 /* Release */,
			);
			defaultConfigurationIsVisible = 0;
			defaultConfigurationName = Release;
		};
		4E47086B24213FBB00E2A581 /* Build configuration list for PBXNativeTarget "ClimaTests" */ = {
			isa = XCConfigurationList;
			buildConfigurations = (
				4E47086C24213FBB00E2A581 /* Debug */,
				4E47086D24213FBB00E2A581 /* Release */,
			);
			defaultConfigurationIsVisible = 0;
			defaultConfigurationName = Release;
		};
		4E47086E24213FBB00E2A581 /* Build configuration list for PBXNativeTarget "ClimaUITests" */ = {
			isa = XCConfigurationList;
			buildConfigurations = (
				4E47086F24213FBB00E2A581 /* Debug */,
				4E47087024213FBB00E2A581 /* Release */,
			);
			defaultConfigurationIsVisible = 0;
			defaultConfigurationName = Release;
		};
/* End XCConfigurationList section */
	};
	rootObject = 4E47083624213FB800E2A581 /* Project object */;
}
